
Microsoft Visual Studio Solution File, Format Version 12.00
Project("{FAE04EC0-301F-11D3-BF4B-00C04F79EFBC}") = "Network", "Network\Network.csproj", "{67C9A03C-99D9-48F2-8D79-0158DE4B2448}"
EndProject
Project("{FAE04EC0-301F-11D3-BF4B-00C04F79EFBC}") = "WebAppl", "WebAppl\WebAppl.csproj", "{0D350E88-8E0A-47C8-A6F2-DB8468C72158}"
EndProject
Global
	GlobalSection(SolutionConfigurationPlatforms) = preSolution
		Debug|Any CPU = Debug|Any CPU
		Release|Any CPU = Release|Any CPU
	EndGlobalSection
	GlobalSection(ProjectConfigurationPlatforms) = postSolution
		{67C9A03C-99D9-48F2-8D79-0158DE4B2448}.Debug|Any CPU.ActiveCfg = Debug|Any CPU
		{67C9A03C-99D9-48F2-8D79-0158DE4B2448}.Debug|Any CPU.Build.0 = Debug|Any CPU
		{67C9A03C-99D9-48F2-8D79-0158DE4B2448}.Release|Any CPU.ActiveCfg = Release|Any CPU
		{67C9A03C-99D9-48F2-8D79-0158DE4B2448}.Release|Any CPU.Build.0 = Release|Any CPU
		{0D350E88-8E0A-47C8-A6F2-DB8468C72158}.Debug|Any CPU.ActiveCfg = Debug|Any CPU
		{0D350E88-8E0A-47C8-A6F2-DB8468C72158}.Debug|Any CPU.Build.0 = Debug|Any CPU
		{0D350E88-8E0A-47C8-A6F2-DB8468C72158}.Release|Any CPU.ActiveCfg = Release|Any CPU
		{0D350E88-8E0A-47C8-A6F2-DB8468C72158}.Release|Any CPU.Build.0 = Release|Any CPU
	EndGlobalSection
EndGlobal
